
Microsoft Visual Studio Solution File, Format Version 12.00
# Visual Studio Version 17
VisualStudioVersion = 17.7.34221.43
MinimumVisualStudioVersion = 10.0.40219.1
Project("{FAE04EC0-301F-11D3-BF4B-00C04F79EFBC}") = "VendisaTest", "VendisaTest\VendisaTest.csproj", "{CDD89BA4-8463-4491-92D2-280FC602E221}"
EndProject
Global
	GlobalSection(SolutionConfigurationPlatforms) = preSolution
		Debug|Any CPU = Debug|Any CPU
		Release|Any CPU = Release|Any CPU
	EndGlobalSection
	GlobalSection(ProjectConfigurationPlatforms) = postSolution
		{CDD89BA4-8463-4491-92D2-280FC602E221}.Debug|Any CPU.ActiveCfg = Debug|Any CPU
		{CDD89BA4-8463-4491-92D2-280FC602E221}.Debug|Any CPU.Build.0 = Debug|Any CPU
		{CDD89BA4-8463-4491-92D2-280FC602E221}.Release|Any CPU.ActiveCfg = Release|Any CPU
		{CDD89BA4-8463-4491-92D2-280FC602E221}.Release|Any CPU.Build.0 = Release|Any CPU
	EndGlobalSection
	GlobalSection(SolutionProperties) = preSolution
		HideSolutionNode = FALSE
	EndGlobalSection
	GlobalSection(ExtensibilityGlobals) = postSolution
		SolutionGuid = {97F6930C-B116-426E-BC0F-0F0D1B3BEE30}
	EndGlobalSection
EndGlobal
